
Microsoft Visual Studio Solution File, Format Version 12.00
# Visual Studio Version 17
VisualStudioVersion = 17.3.32929.385
MinimumVisualStudioVersion = 10.0.40219.1
Project("{8BC9CEB8-8B4A-11D0-8D11-00A0C91BC942}") = "OOP_LAB5", "OOP_LAB5\OOP_LAB5.vcxproj", "{E93F8741-DF81-4FD6-9F3C-CC508DF08C76}"
EndProject
Global
	GlobalSection(SolutionConfigurationPlatforms) = preSolution
		Debug|x64 = Debug|x64
		Debug|x86 = Debug|x86
		Release|x64 = Release|x64
		Release|x86 = Release|x86
	EndGlobalSection
	GlobalSection(ProjectConfigurationPlatforms) = postSolution
		{E93F8741-DF81-4FD6-9F3C-CC508DF08C76}.Debug|x64.ActiveCfg = Debug|x64
		{E93F8741-DF81-4FD6-9F3C-CC508DF08C76}.Debug|x64.Build.0 = Debug|x64
		{E93F8741-DF81-4FD6-9F3C-CC508DF08C76}.Debug|x86.ActiveCfg = Debug|Win32
		{E93F8741-DF81-4FD6-9F3C-CC508DF08C76}.Debug|x86.Build.0 = Debug|Win32
		{E93F8741-DF81-4FD6-9F3C-CC508DF08C76}.Release|x64.ActiveCfg = Release|x64
		{E93F8741-DF81-4FD6-9F3C-CC508DF08C76}.Release|x64.Build.0 = Release|x64
		{E93F8741-DF81-4FD6-9F3C-CC508DF08C76}.Release|x86.ActiveCfg = Release|Win32
		{E93F8741-DF81-4FD6-9F3C-CC508DF08C76}.Release|x86.Build.0 = Release|Win32
	EndGlobalSection
	GlobalSection(SolutionProperties) = preSolution
		HideSolutionNode = FALSE
	EndGlobalSection
	GlobalSection(ExtensibilityGlobals) = postSolution
		SolutionGuid = {179005A5-F8FB-4F84-82D0-3447A2734EBD}
	EndGlobalSection
EndGlobal
